
Microsoft Visual Studio Solution File, Format Version 12.00
# Visual Studio Version 17
VisualStudioVersion = 17.14.36518.9
MinimumVisualStudioVersion = 10.0.40219.1
Project("{FAE04EC0-301F-11D3-BF4B-00C04F79EFBC}") = "ChatGPT_5_mini_Model", "ChatGPT_5_mini_Model\ChatGPT_5_mini_Model.csproj", "{037246C8-9F3F-453F-84A5-8CB549F1BD28}"
EndProject
Project("{FAE04EC0-301F-11D3-BF4B-00C04F79EFBC}") = "ChatApp", "ChatApp\ChatApp.csproj", "{5E1453C1-2E86-4D72-A4BA-8F69C656AC0A}"
EndProject
Project("{FAE04EC0-301F-11D3-BF4B-00C04F79EFBC}") = "ChatGPT_4o_mini_Model", "ChatGPT_4o_mini_Model\ChatGPT_4o_mini_Model.csproj", "{F067F656-DF1A-4018-AFE2-EC76A2E65C71}"
EndProject
Project("{FAE04EC0-301F-11D3-BF4B-00C04F79EFBC}") = "DeepSeek-R1_Model", "DeepSeek-R1_Model\DeepSeek-R1_Model.csproj", "{D6C72193-218B-43C3-BE8E-7817C126962D}"
EndProject
Project("{FAE04EC0-301F-11D3-BF4B-00C04F79EFBC}") = "Meta-Llama-3.1_Model", "Meta-Llama-3.1_Model\Meta-Llama-3.1_Model.csproj", "{DA693A3A-1C16-41AB-AC29-C84290A24D51}"
EndProject
Project("{FAE04EC0-301F-11D3-BF4B-00C04F79EFBC}") = "EmbeddingGenaration", "EmbeddingGenaration\EmbeddingGenaration.csproj", "{952C4234-6641-4B2F-ABF7-0111C08E13DB}"
EndProject
Project("{FAE04EC0-301F-11D3-BF4B-00C04F79EFBC}") = "Phi-4-mini_Model", "Phi-4-mini_Model\Phi-4-mini_Model.csproj", "{621F7615-D317-405F-95D5-43C788A1D38E}"
EndProject
Project("{FAE04EC0-301F-11D3-BF4B-00C04F79EFBC}") = "VectorSearch", "VectorSearch\VectorSearch.csproj", "{3BDCCA39-C9C7-4F0F-9DA7-3F6CBE14457F}"
EndProject
Project("{FAE04EC0-301F-11D3-BF4B-00C04F79EFBC}") = "ChatApp_RAG", "ChatApp_RAG\ChatApp_RAG.csproj", "{9E5321F7-B84F-D51F-273D-2D47A58E1332}"
EndProject
Project("{FAE04EC0-301F-11D3-BF4B-00C04F79EFBC}") = "QdrantConsole", "QdrantConsole\QdrantConsole.csproj", "{552D4B46-5FEC-EB78-D48E-618F837EAF5B}"
EndProject
Project("{FAE04EC0-301F-11D3-BF4B-00C04F79EFBC}") = "ChatappRAG_Qdrant", "ChatappRAG_Qdrant\ChatappRAG_Qdrant.csproj", "{7CB3BD5C-CFC7-4B97-9496-5733E7322057}"
EndProject
Project("{FAE04EC0-301F-11D3-BF4B-00C04F79EFBC}") = "ChatApp_Ollama", "ChatApp_Ollama\ChatApp_Ollama.csproj", "{21EB5E02-2D96-4516-9642-A161CE82855A}"
EndProject
Project("{FAE04EC0-301F-11D3-BF4B-00C04F79EFBC}") = "SimpleOllamaConsole", "SimpleOllamaConsole\SimpleOllamaConsole.csproj", "{418CE53E-646F-B85F-6F3E-9908BA2E3A66}"
EndProject
Global
	GlobalSection(SolutionConfigurationPlatforms) = preSolution
		Debug|Any CPU = Debug|Any CPU
		Release|Any CPU = Release|Any CPU
	EndGlobalSection
	GlobalSection(ProjectConfigurationPlatforms) = postSolution
		{037246C8-9F3F-453F-84A5-8CB549F1BD28}.Debug|Any CPU.ActiveCfg = Debug|Any CPU
		{037246C8-9F3F-453F-84A5-8CB549F1BD28}.Debug|Any CPU.Build.0 = Debug|Any CPU
		{037246C8-9F3F-453F-84A5-8CB549F1BD28}.Release|Any CPU.ActiveCfg = Release|Any CPU
		{037246C8-9F3F-453F-84A5-8CB549F1BD28}.Release|Any CPU.Build.0 = Release|Any CPU
		{5E1453C1-2E86-4D72-A4BA-8F69C656AC0A}.Debug|Any CPU.ActiveCfg = Debug|Any CPU
		{5E1453C1-2E86-4D72-A4BA-8F69C656AC0A}.Debug|Any CPU.Build.0 = Debug|Any CPU
		{5E1453C1-2E86-4D72-A4BA-8F69C656AC0A}.Release|Any CPU.ActiveCfg = Release|Any CPU
		{5E1453C1-2E86-4D72-A4BA-8F69C656AC0A}.Release|Any CPU.Build.0 = Release|Any CPU
		{F067F656-DF1A-4018-AFE2-EC76A2E65C71}.Debug|Any CPU.ActiveCfg = Debug|Any CPU
		{F067F656-DF1A-4018-AFE2-EC76A2E65C71}.Debug|Any CPU.Build.0 = Debug|Any CPU
		{F067F656-DF1A-4018-AFE2-EC76A2E65C71}.Release|Any CPU.ActiveCfg = Release|Any CPU
		{F067F656-DF1A-4018-AFE2-EC76A2E65C71}.Release|Any CPU.Build.0 = Release|Any CPU
		{D6C72193-218B-43C3-BE8E-7817C126962D}.Debug|Any CPU.ActiveCfg = Debug|Any CPU
		{D6C72193-218B-43C3-BE8E-7817C126962D}.Debug|Any CPU.Build.0 = Debug|Any CPU
		{D6C72193-218B-43C3-BE8E-7817C126962D}.Release|Any CPU.ActiveCfg = Release|Any CPU
		{D6C72193-218B-43C3-BE8E-7817C126962D}.Release|Any CPU.Build.0 = Release|Any CPU
		{DA693A3A-1C16-41AB-AC29-C84290A24D51}.Debug|Any CPU.ActiveCfg = Debug|Any CPU
		{DA693A3A-1C16-41AB-AC29-C84290A24D51}.Debug|Any CPU.Build.0 = Debug|Any CPU
		{DA693A3A-1C16-41AB-AC29-C84290A24D51}.Release|Any CPU.ActiveCfg = Release|Any CPU
		{DA693A3A-1C16-41AB-AC29-C84290A24D51}.Release|Any CPU.Build.0 = Release|Any CPU
		{952C4234-6641-4B2F-ABF7-0111C08E13DB}.Debug|Any CPU.ActiveCfg = Debug|Any CPU
		{952C4234-6641-4B2F-ABF7-0111C08E13DB}.Debug|Any CPU.Build.0 = Debug|Any CPU
		{952C4234-6641-4B2F-ABF7-0111C08E13DB}.Release|Any CPU.ActiveCfg = Release|Any CPU
		{952C4234-6641-4B2F-ABF7-0111C08E13DB}.Release|Any CPU.Build.0 = Release|Any CPU
		{621F7615-D317-405F-95D5-43C788A1D38E}.Debug|Any CPU.ActiveCfg = Debug|Any CPU
		{621F7615-D317-405F-95D5-43C788A1D38E}.Debug|Any CPU.Build.0 = Debug|Any CPU
		{621F7615-D317-405F-95D5-43C788A1D38E}.Release|Any CPU.ActiveCfg = Release|Any CPU
		{621F7615-D317-405F-95D5-43C788A1D38E}.Release|Any CPU.Build.0 = Release|Any CPU
		{3BDCCA39-C9C7-4F0F-9DA7-3F6CBE14457F}.Debug|Any CPU.ActiveCfg = Debug|Any CPU
		{3BDCCA39-C9C7-4F0F-9DA7-3F6CBE14457F}.Debug|Any CPU.Build.0 = Debug|Any CPU
		{3BDCCA39-C9C7-4F0F-9DA7-3F6CBE14457F}.Release|Any CPU.ActiveCfg = Release|Any CPU
		{3BDCCA39-C9C7-4F0F-9DA7-3F6CBE14457F}.Release|Any CPU.Build.0 = Release|Any CPU
		{9E5321F7-B84F-D51F-273D-2D47A58E1332}.Debug|Any CPU.ActiveCfg = Debug|Any CPU
		{9E5321F7-B84F-D51F-273D-2D47A58E1332}.Debug|Any CPU.Build.0 = Debug|Any CPU
		{9E5321F7-B84F-D51F-273D-2D47A58E1332}.Release|Any CPU.ActiveCfg = Release|Any CPU
		{9E5321F7-B84F-D51F-273D-2D47A58E1332}.Release|Any CPU.Build.0 = Release|Any CPU
		{552D4B46-5FEC-EB78-D48E-618F837EAF5B}.Debug|Any CPU.ActiveCfg = Debug|Any CPU
		{552D4B46-5FEC-EB78-D48E-618F837EAF5B}.Debug|Any CPU.Build.0 = Debug|Any CPU
		{552D4B46-5FEC-EB78-D48E-618F837EAF5B}.Release|Any CPU.ActiveCfg = Release|Any CPU
		{552D4B46-5FEC-EB78-D48E-618F837EAF5B}.Release|Any CPU.Build.0 = Release|Any CPU
		{7CB3BD5C-CFC7-4B97-9496-5733E7322057}.Debug|Any CPU.ActiveCfg = Debug|Any CPU
		{7CB3BD5C-CFC7-4B97-9496-5733E7322057}.Debug|Any CPU.Build.0 = Debug|Any CPU
		{7CB3BD5C-CFC7-4B97-9496-5733E7322057}.Release|Any CPU.ActiveCfg = Release|Any CPU
		{7CB3BD5C-CFC7-4B97-9496-5733E7322057}.Release|Any CPU.Build.0 = Release|Any CPU
		{21EB5E02-2D96-4516-9642-A161CE82855A}.Debug|Any CPU.ActiveCfg = Debug|Any CPU
		{21EB5E02-2D96-4516-9642-A161CE82855A}.Debug|Any CPU.Build.0 = Debug|Any CPU
		{21EB5E02-2D96-4516-9642-A161CE82855A}.Release|Any CPU.ActiveCfg = Release|Any CPU
		{21EB5E02-2D96-4516-9642-A161CE82855A}.Release|Any CPU.Build.0 = Release|Any CPU
		{418CE53E-646F-B85F-6F3E-9908BA2E3A66}.Debug|Any CPU.ActiveCfg = Debug|Any CPU
		{418CE53E-646F-B85F-6F3E-9908BA2E3A66}.Debug|Any CPU.Build.0 = Debug|Any CPU
		{418CE53E-646F-B85F-6F3E-9908BA2E3A66}.Release|Any CPU.ActiveCfg = Release|Any CPU
		{418CE53E-646F-B85F-6F3E-9908BA2E3A66}.Release|Any CPU.Build.0 = Release|Any CPU
	EndGlobalSection
	GlobalSection(SolutionProperties) = preSolution
		HideSolutionNode = FALSE
	EndGlobalSection
	GlobalSection(ExtensibilityGlobals) = postSolution
		SolutionGuid = {98BB5253-EA56-4173-96BE-7A93505825D6}
	EndGlobalSection
EndGlobal
